
Microsoft Visual Studio Solution File, Format Version 12.00
# Visual Studio 14
VisualStudioVersion = 14.0.23107.0
MinimumVisualStudioVersion = 10.0.40219.1
Project("{FAE04EC0-301F-11D3-BF4B-00C04F79EFBC}") = "Model", "Model\Model.csproj", "{529C0B92-9DFD-4075-9217-0B61E1E226EF}"
EndProject
Project("{FAE04EC0-301F-11D3-BF4B-00C04F79EFBC}") = "UnitTests", "UnitTests\UnitTests.csproj", "{5F90A610-A30D-4C6B-BF00-16DF312C3D42}"
EndProject
Global
	GlobalSection(SolutionConfigurationPlatforms) = preSolution
		Debug|Any CPU = Debug|Any CPU
		Release|Any CPU = Release|Any CPU
	EndGlobalSection
	GlobalSection(ProjectConfigurationPlatforms) = postSolution
		{529C0B92-9DFD-4075-9217-0B61E1E226EF}.Debug|Any CPU.ActiveCfg = Debug|Any CPU
		{529C0B92-9DFD-4075-9217-0B61E1E226EF}.Debug|Any CPU.Build.0 = Debug|Any CPU
		{529C0B92-9DFD-4075-9217-0B61E1E226EF}.Release|Any CPU.ActiveCfg = Release|Any CPU
		{529C0B92-9DFD-4075-9217-0B61E1E226EF}.Release|Any CPU.Build.0 = Release|Any CPU
		{5F90A610-A30D-4C6B-BF00-16DF312C3D42}.Debug|Any CPU.ActiveCfg = Debug|Any CPU
		{5F90A610-A30D-4C6B-BF00-16DF312C3D42}.Debug|Any CPU.Build.0 = Debug|Any CPU
		{5F90A610-A30D-4C6B-BF00-16DF312C3D42}.Release|Any CPU.ActiveCfg = Release|Any CPU
		{5F90A610-A30D-4C6B-BF00-16DF312C3D42}.Release|Any CPU.Build.0 = Release|Any CPU
	EndGlobalSection
	GlobalSection(SolutionProperties) = preSolution
		HideSolutionNode = FALSE
	EndGlobalSection
EndGlobal
